// !$*UTF8*$!
{
	archiveVersion = 1;
	classes = {
	};
	objectVersion = 52;
	objects = {

/* Begin PBXBuildFile section */
		411747F6255EC68D004D4394 /* DataStore.swift in Sources */ = {isa = PBXBuildFile; fileRef = 411747F5255EC68D004D4394 /* DataStore.swift */; };
		411747FC255ECE5A004D4394 /* SQLite in Frameworks */ = {isa = PBXBuildFile; productRef = 411747FB255ECE5A004D4394 /* SQLite */; };
		41174801255ECEBB004D4394 /* KeyValue.swift in Sources */ = {isa = PBXBuildFile; fileRef = 41174800255ECEBB004D4394 /* KeyValue.swift */; };
		41174806255ECF30004D4394 /* TableCoding.swift in Sources */ = {isa = PBXBuildFile; fileRef = 41174805255ECF30004D4394 /* TableCoding.swift */; };
		41174813255ED0FB004D4394 /* DataStoreTests.swift in Sources */ = {isa = PBXBuildFile; fileRef = 41174812255ED0FB004D4394 /* DataStoreTests.swift */; };
		4192C230255D71F9008E8BE1 /* AppDelegate.swift in Sources */ = {isa = PBXBuildFile; fileRef = 4192C22F255D71F9008E8BE1 /* AppDelegate.swift */; };
		4192C232255D71F9008E8BE1 /* SceneDelegate.swift in Sources */ = {isa = PBXBuildFile; fileRef = 4192C231255D71F9008E8BE1 /* SceneDelegate.swift */; };
		4192C234255D71F9008E8BE1 /* ViewController.swift in Sources */ = {isa = PBXBuildFile; fileRef = 4192C233255D71F9008E8BE1 /* ViewController.swift */; };
		4192C237255D71F9008E8BE1 /* Main.storyboard in Resources */ = {isa = PBXBuildFile; fileRef = 4192C235255D71F9008E8BE1 /* Main.storyboard */; };
		4192C239255D71FB008E8BE1 /* Assets.xcassets in Resources */ = {isa = PBXBuildFile; fileRef = 4192C238255D71FB008E8BE1 /* Assets.xcassets */; };
		4192C23C255D71FB008E8BE1 /* LaunchScreen.storyboard in Resources */ = {isa = PBXBuildFile; fileRef = 4192C23A255D71FB008E8BE1 /* LaunchScreen.storyboard */; };
		4192C247255D71FB008E8BE1 /* ExampleTests.swift in Sources */ = {isa = PBXBuildFile; fileRef = 4192C246255D71FB008E8BE1 /* ExampleTests.swift */; };
		4192C252255D71FC008E8BE1 /* ExampleUITests.swift in Sources */ = {isa = PBXBuildFile; fileRef = 4192C251255D71FC008E8BE1 /* ExampleUITests.swift */; };
		4192C26F255D7A53008E8BE1 /* Timer.swift in Sources */ = {isa = PBXBuildFile; fileRef = 4192C26E255D7A53008E8BE1 /* Timer.swift */; };
		4192C274255D7BD7008E8BE1 /* TimerTests.swift in Sources */ = {isa = PBXBuildFile; fileRef = 4192C273255D7BD7008E8BE1 /* TimerTests.swift */; };
		4192C280255D804D008E8BE1 /* Network.swift in Sources */ = {isa = PBXBuildFile; fileRef = 4192C27F255D804D008E8BE1 /* Network.swift */; };
		4192C290255D82F5008E8BE1 /* NetworkTests.swift in Sources */ = {isa = PBXBuildFile; fileRef = 4192C28F255D82F5008E8BE1 /* NetworkTests.swift */; };
		4192C295255D8350008E8BE1 /* APITests.swift in Sources */ = {isa = PBXBuildFile; fileRef = 4192C294255D8350008E8BE1 /* APITests.swift */; };
		41AF3B62255F3C4100EF58B5 /* Util.swift in Sources */ = {isa = PBXBuildFile; fileRef = 41AF3B61255F3C4100EF58B5 /* Util.swift */; };
		41AF3B72255F528900EF58B5 /* HistoryListViewController.swift in Sources */ = {isa = PBXBuildFile; fileRef = 41AF3B71255F528900EF58B5 /* HistoryListViewController.swift */; };
		41AF3B7F255F534200EF58B5 /* RequestHistory.swift in Sources */ = {isa = PBXBuildFile; fileRef = 41AF3B7E255F534200EF58B5 /* RequestHistory.swift */; };
/* End PBXBuildFile section */

/* Begin PBXContainerItemProxy section */
		4192C243255D71FB008E8BE1 /* PBXContainerItemProxy */ = {
			isa = PBXContainerItemProxy;
			containerPortal = 4192C224255D71F9008E8BE1 /* Project object */;
			proxyType = 1;
			remoteGlobalIDString = 4192C22B255D71F9008E8BE1;
			remoteInfo = Example;
		};
		4192C24E255D71FC008E8BE1 /* PBXContainerItemProxy */ = {
			isa = PBXContainerItemProxy;
			containerPortal = 4192C224255D71F9008E8BE1 /* Project object */;
			proxyType = 1;
			remoteGlobalIDString = 4192C22B255D71F9008E8BE1;
			remoteInfo = Example;
		};
/* End PBXContainerItemProxy section */

/* Begin PBXFileReference section */
		411747F5255EC68D004D4394 /* DataStore.swift */ = {isa = PBXFileReference; lastKnownFileType = sourcecode.swift; path = DataStore.swift; sourceTree = "<group>"; };
		41174800255ECEBB004D4394 /* KeyValue.swift */ = {isa = PBXFileReference; lastKnownFileType = sourcecode.swift; path = KeyValue.swift; sourceTree = "<group>"; };
		41174805255ECF30004D4394 /* TableCoding.swift */ = {isa = PBXFileReference; lastKnownFileType = sourcecode.swift; path = TableCoding.swift; sourceTree = "<group>"; };
		41174812255ED0FB004D4394 /* DataStoreTests.swift */ = {isa = PBXFileReference; lastKnownFileType = sourcecode.swift; path = DataStoreTests.swift; sourceTree = "<group>"; };
		4192C22C255D71F9008E8BE1 /* Example.app */ = {isa = PBXFileReference; explicitFileType = wrapper.application; includeInIndex = 0; path = Example.app; sourceTree = BUILT_PRODUCTS_DIR; };
		4192C22F255D71F9008E8BE1 /* AppDelegate.swift */ = {isa = PBXFileReference; lastKnownFileType = sourcecode.swift; path = AppDelegate.swift; sourceTree = "<group>"; };
		4192C231255D71F9008E8BE1 /* SceneDelegate.swift */ = {isa = PBXFileReference; lastKnownFileType = sourcecode.swift; path = SceneDelegate.swift; sourceTree = "<group>"; };
		4192C233255D71F9008E8BE1 /* ViewController.swift */ = {isa = PBXFileReference; lastKnownFileType = sourcecode.swift; path = ViewController.swift; sourceTree = "<group>"; };
		4192C236255D71F9008E8BE1 /* Base */ = {isa = PBXFileReference; lastKnownFileType = file.storyboard; name = Base; path = Base.lproj/Main.storyboard; sourceTree = "<group>"; };
		4192C238255D71FB008E8BE1 /* Assets.xcassets */ = {isa = PBXFileReference; lastKnownFileType = folder.assetcatalog; path = Assets.xcassets; sourceTree = "<group>"; };
		4192C23B255D71FB008E8BE1 /* Base */ = {isa = PBXFileReference; lastKnownFileType = file.storyboard; name = Base; path = Base.lproj/LaunchScreen.storyboard; sourceTree = "<group>"; };
		4192C23D255D71FB008E8BE1 /* Info.plist */ = {isa = PBXFileReference; lastKnownFileType = text.plist.xml; path = Info.plist; sourceTree = "<group>"; };
		4192C242255D71FB008E8BE1 /* ExampleTests.xctest */ = {isa = PBXFileReference; explicitFileType = wrapper.cfbundle; includeInIndex = 0; path = ExampleTests.xctest; sourceTree = BUILT_PRODUCTS_DIR; };
		4192C246255D71FB008E8BE1 /* ExampleTests.swift */ = {isa = PBXFileReference; lastKnownFileType = sourcecode.swift; path = ExampleTests.swift; sourceTree = "<group>"; };
		4192C248255D71FB008E8BE1 /* Info.plist */ = {isa = PBXFileReference; lastKnownFileType = text.plist.xml; path = Info.plist; sourceTree = "<group>"; };
		4192C24D255D71FC008E8BE1 /* ExampleUITests.xctest */ = {isa = PBXFileReference; explicitFileType = wrapper.cfbundle; includeInIndex = 0; path = ExampleUITests.xctest; sourceTree = BUILT_PRODUCTS_DIR; };
		4192C251255D71FC008E8BE1 /* ExampleUITests.swift */ = {isa = PBXFileReference; lastKnownFileType = sourcecode.swift; path = ExampleUITests.swift; sourceTree = "<group>"; };
		4192C253255D71FC008E8BE1 /* Info.plist */ = {isa = PBXFileReference; lastKnownFileType = text.plist.xml; path = Info.plist; sourceTree = "<group>"; };
		4192C26E255D7A53008E8BE1 /* Timer.swift */ = {isa = PBXFileReference; lastKnownFileType = sourcecode.swift; path = Timer.swift; sourceTree = "<group>"; };
		4192C273255D7BD7008E8BE1 /* TimerTests.swift */ = {isa = PBXFileReference; lastKnownFileType = sourcecode.swift; path = TimerTests.swift; sourceTree = "<group>"; };
		4192C27F255D804D008E8BE1 /* Network.swift */ = {isa = PBXFileReference; lastKnownFileType = sourcecode.swift; path = Network.swift; sourceTree = "<group>"; };
		4192C28F255D82F5008E8BE1 /* NetworkTests.swift */ = {isa = PBXFileReference; lastKnownFileType = sourcecode.swift; path = NetworkTests.swift; sourceTree = "<group>"; };
		4192C294255D8350008E8BE1 /* APITests.swift */ = {isa = PBXFileReference; lastKnownFileType = sourcecode.swift; path = APITests.swift; sourceTree = "<group>"; };
		41AF3B61255F3C4100EF58B5 /* Util.swift */ = {isa = PBXFileReference; lastKnownFileType = sourcecode.swift; path = Util.swift; sourceTree = "<group>"; };
		41AF3B71255F528900EF58B5 /* HistoryListViewController.swift */ = {isa = PBXFileReference; lastKnownFileType = sourcecode.swift; path = HistoryListViewController.swift; sourceTree = "<group>"; };
		41AF3B7E255F534200EF58B5 /* RequestHistory.swift */ = {isa = PBXFileReference; lastKnownFileType = sourcecode.swift; path = RequestHistory.swift; sourceTree = "<group>"; };
/* End PBXFileReference section */

/* Begin PBXFrameworksBuildPhase section */
		4192C229255D71F9008E8BE1 /* Frameworks */ = {
			isa = PBXFrameworksBuildPhase;
			buildActionMask = 2147483647;
			files = (
				411747FC255ECE5A004D4394 /* SQLite in Frameworks */,
			);
			runOnlyForDeploymentPostprocessing = 0;
		};
		4192C23F255D71FB008E8BE1 /* Frameworks */ = {
			isa = PBXFrameworksBuildPhase;
			buildActionMask = 2147483647;
			files = (
			);
			runOnlyForDeploymentPostprocessing = 0;
		};
		4192C24A255D71FC008E8BE1 /* Frameworks */ = {
			isa = PBXFrameworksBuildPhase;
			buildActionMask = 2147483647;
			files = (
			);
			runOnlyForDeploymentPostprocessing = 0;
		};
/* End PBXFrameworksBuildPhase section */

/* Begin PBXGroup section */
		411747F4255EC654004D4394 /* Database */ = {
			isa = PBXGroup;
			children = (
				411747F5255EC68D004D4394 /* DataStore.swift */,
				41174800255ECEBB004D4394 /* KeyValue.swift */,
				41174805255ECF30004D4394 /* TableCoding.swift */,
				41AF3B7E255F534200EF58B5 /* RequestHistory.swift */,
			);
			path = Database;
			sourceTree = "<group>";
		};
		4192C223255D71F9008E8BE1 = {
			isa = PBXGroup;
			children = (
				4192C22E255D71F9008E8BE1 /* Example */,
				4192C245255D71FB008E8BE1 /* ExampleTests */,
				4192C250255D71FC008E8BE1 /* ExampleUITests */,
				4192C22D255D71F9008E8BE1 /* Products */,
			);
			sourceTree = "<group>";
		};
		4192C22D255D71F9008E8BE1 /* Products */ = {
			isa = PBXGroup;
			children = (
				4192C22C255D71F9008E8BE1 /* Example.app */,
				4192C242255D71FB008E8BE1 /* ExampleTests.xctest */,
				4192C24D255D71FC008E8BE1 /* ExampleUITests.xctest */,
			);
			name = Products;
			sourceTree = "<group>";
		};
		4192C22E255D71F9008E8BE1 /* Example */ = {
			isa = PBXGroup;
			children = (
				411747F4255EC654004D4394 /* Database */,
				4192C27E255D8033008E8BE1 /* Network */,
				4192C26D255D7A46008E8BE1 /* Timer */,
				4192C22F255D71F9008E8BE1 /* AppDelegate.swift */,
				4192C231255D71F9008E8BE1 /* SceneDelegate.swift */,
				4192C233255D71F9008E8BE1 /* ViewController.swift */,
				4192C235255D71F9008E8BE1 /* Main.storyboard */,
				4192C238255D71FB008E8BE1 /* Assets.xcassets */,
				4192C23A255D71FB008E8BE1 /* LaunchScreen.storyboard */,
				4192C23D255D71FB008E8BE1 /* Info.plist */,
				41AF3B61255F3C4100EF58B5 /* Util.swift */,
				41AF3B71255F528900EF58B5 /* HistoryListViewController.swift */,
			);
			path = Example;
			sourceTree = "<group>";
		};
		4192C245255D71FB008E8BE1 /* ExampleTests */ = {
			isa = PBXGroup;
			children = (
				4192C246255D71FB008E8BE1 /* ExampleTests.swift */,
				4192C248255D71FB008E8BE1 /* Info.plist */,
				4192C273255D7BD7008E8BE1 /* TimerTests.swift */,
				4192C28F255D82F5008E8BE1 /* NetworkTests.swift */,
				4192C294255D8350008E8BE1 /* APITests.swift */,
				41174812255ED0FB004D4394 /* DataStoreTests.swift */,
			);
			path = ExampleTests;
			sourceTree = "<group>";
		};
		4192C250255D71FC008E8BE1 /* ExampleUITests */ = {
			isa = PBXGroup;
			children = (
				4192C251255D71FC008E8BE1 /* ExampleUITests.swift */,
				4192C253255D71FC008E8BE1 /* Info.plist */,
			);
			path = ExampleUITests;
			sourceTree = "<group>";
		};
		4192C26D255D7A46008E8BE1 /* Timer */ = {
			isa = PBXGroup;
			children = (
				4192C26E255D7A53008E8BE1 /* Timer.swift */,
			);
			path = Timer;
			sourceTree = "<group>";
		};
		4192C27E255D8033008E8BE1 /* Network */ = {
			isa = PBXGroup;
			children = (
				4192C27F255D804D008E8BE1 /* Network.swift */,
			);
			path = Network;
			sourceTree = "<group>";
		};
/* End PBXGroup section */

/* Begin PBXNativeTarget section */
		4192C22B255D71F9008E8BE1 /* Example */ = {
			isa = PBXNativeTarget;
			buildConfigurationList = 4192C256255D71FC008E8BE1 /* Build configuration list for PBXNativeTarget "Example" */;
			buildPhases = (
				4192C228255D71F9008E8BE1 /* Sources */,
				4192C229255D71F9008E8BE1 /* Frameworks */,
				4192C22A255D71F9008E8BE1 /* Resources */,
				4192C263255D742D008E8BE1 /* ShellScript */,
			);
			buildRules = (
			);
			dependencies = (
			);
			name = Example;
			packageProductDependencies = (
				411747FB255ECE5A004D4394 /* SQLite */,
			);
			productName = Example;
			productReference = 4192C22C255D71F9008E8BE1 /* Example.app */;
			productType = "com.apple.product-type.application";
		};
		4192C241255D71FB008E8BE1 /* ExampleTests */ = {
			isa = PBXNativeTarget;
			buildConfigurationList = 4192C259255D71FC008E8BE1 /* Build configuration list for PBXNativeTarget "ExampleTests" */;
			buildPhases = (
				4192C23E255D71FB008E8BE1 /* Sources */,
				4192C23F255D71FB008E8BE1 /* Frameworks */,
				4192C240255D71FB008E8BE1 /* Resources */,
			);
			buildRules = (
			);
			dependencies = (
				4192C244255D71FB008E8BE1 /* PBXTargetDependency */,
			);
			name = ExampleTests;
			productName = ExampleTests;
			productReference = 4192C242255D71FB008E8BE1 /* ExampleTests.xctest */;
			productType = "com.apple.product-type.bundle.unit-test";
		};
		4192C24C255D71FC008E8BE1 /* ExampleUITests */ = {
			isa = PBXNativeTarget;
			buildConfigurationList = 4192C25C255D71FC008E8BE1 /* Build configuration list for PBXNativeTarget "ExampleUITests" */;
			buildPhases = (
				4192C249255D71FC008E8BE1 /* Sources */,
				4192C24A255D71FC008E8BE1 /* Frameworks */,
				4192C24B255D71FC008E8BE1 /* Resources */,
			);
			buildRules = (
			);
			dependencies = (
				4192C24F255D71FC008E8BE1 /* PBXTargetDependency */,
			);
			name = ExampleUITests;
			productName = ExampleUITests;
			productReference = 4192C24D255D71FC008E8BE1 /* ExampleUITests.xctest */;
			productType = "com.apple.product-type.bundle.ui-testing";
		};
/* End PBXNativeTarget section */

/* Begin PBXProject section */
		4192C224255D71F9008E8BE1 /* Project object */ = {
			isa = PBXProject;
			attributes = {
				LastSwiftUpdateCheck = 1200;
				LastUpgradeCheck = 1200;
				TargetAttributes = {
					4192C22B255D71F9008E8BE1 = {
						CreatedOnToolsVersion = 12.0.1;
					};
					4192C241255D71FB008E8BE1 = {
						CreatedOnToolsVersion = 12.0.1;
						TestTargetID = 4192C22B255D71F9008E8BE1;
					};
					4192C24C255D71FC008E8BE1 = {
						CreatedOnToolsVersion = 12.0.1;
						TestTargetID = 4192C22B255D71F9008E8BE1;
					};
				};
			};
			buildConfigurationList = 4192C227255D71F9008E8BE1 /* Build configuration list for PBXProject "Example" */;
			compatibilityVersion = "Xcode 9.3";
			developmentRegion = en;
			hasScannedForEncodings = 0;
			knownRegions = (
				en,
				Base,
			);
			mainGroup = 4192C223255D71F9008E8BE1;
			packageReferences = (
				411747FA255ECE5A004D4394 /* XCRemoteSwiftPackageReference "SQLite" */,
			);
			productRefGroup = 4192C22D255D71F9008E8BE1 /* Products */;
			projectDirPath = "";
			projectRoot = "";
			targets = (
				4192C22B255D71F9008E8BE1 /* Example */,
				4192C241255D71FB008E8BE1 /* ExampleTests */,
				4192C24C255D71FC008E8BE1 /* ExampleUITests */,
			);
		};
/* End PBXProject section */

/* Begin PBXResourcesBuildPhase section */
		4192C22A255D71F9008E8BE1 /* Resources */ = {
			isa = PBXResourcesBuildPhase;
			buildActionMask = 2147483647;
			files = (
				4192C23C255D71FB008E8BE1 /* LaunchScreen.storyboard in Resources */,
				4192C239255D71FB008E8BE1 /* Assets.xcassets in Resources */,
				4192C237255D71F9008E8BE1 /* Main.storyboard in Resources */,
			);
			runOnlyForDeploymentPostprocessing = 0;
		};
		4192C240255D71FB008E8BE1 /* Resources */ = {
			isa = PBXResourcesBuildPhase;
			buildActionMask = 2147483647;
			files = (
			);
			runOnlyForDeploymentPostprocessing = 0;
		};
		4192C24B255D71FC008E8BE1 /* Resources */ = {
			isa = PBXResourcesBuildPhase;
			buildActionMask = 2147483647;
			files = (
			);
			runOnlyForDeploymentPostprocessing = 0;
		};
/* End PBXResourcesBuildPhase section */

/* Begin PBXShellScriptBuildPhase section */
		4192C263255D742D008E8BE1 /* ShellScript */ = {
			isa = PBXShellScriptBuildPhase;
			buildActionMask = 2147483647;
			files = (
			);
			inputFileListPaths = (
			);
			inputPaths = (
			);
			outputFileListPaths = (
			);
			outputPaths = (
			);
			runOnlyForDeploymentPostprocessing = 0;
			shellPath = /bin/sh;
			shellScript = "if which swiftlint >/dev/null; then\n  swiftlint\nelse\n  echo \"warning: SwiftLint not installed, download from https://github.com/realm/SwiftLint\"\nfi\n";
		};
/* End PBXShellScriptBuildPhase section */

/* Begin PBXSourcesBuildPhase section */
		4192C228255D71F9008E8BE1 /* Sources */ = {
			isa = PBXSourcesBuildPhase;
			buildActionMask = 2147483647;
			files = (
				41174806255ECF30004D4394 /* TableCoding.swift in Sources */,
				41AF3B72255F528900EF58B5 /* HistoryListViewController.swift in Sources */,
				4192C280255D804D008E8BE1 /* Network.swift in Sources */,
				4192C234255D71F9008E8BE1 /* ViewController.swift in Sources */,
				4192C230255D71F9008E8BE1 /* AppDelegate.swift in Sources */,
				4192C232255D71F9008E8BE1 /* SceneDelegate.swift in Sources */,
				4192C26F255D7A53008E8BE1 /* Timer.swift in Sources */,
				411747F6255EC68D004D4394 /* DataStore.swift in Sources */,
				41AF3B7F255F534200EF58B5 /* RequestHistory.swift in Sources */,
				41174801255ECEBB004D4394 /* KeyValue.swift in Sources */,
				41AF3B62255F3C4100EF58B5 /* Util.swift in Sources */,
			);
			runOnlyForDeploymentPostprocessing = 0;
		};
		4192C23E255D71FB008E8BE1 /* Sources */ = {
			isa = PBXSourcesBuildPhase;
			buildActionMask = 2147483647;
			files = (
				4192C290255D82F5008E8BE1 /* NetworkTests.swift in Sources */,
				41174813255ED0FB004D4394 /* DataStoreTests.swift in Sources */,
				4192C247255D71FB008E8BE1 /* ExampleTests.swift in Sources */,
				4192C295255D8350008E8BE1 /* APITests.swift in Sources */,
				4192C274255D7BD7008E8BE1 /* TimerTests.swift in Sources */,
			);
			runOnlyForDeploymentPostprocessing = 0;
		};
		4192C249255D71FC008E8BE1 /* Sources */ = {
			isa = PBXSourcesBuildPhase;
			buildActionMask = 2147483647;
			files = (
				4192C252255D71FC008E8BE1 /* ExampleUITests.swift in Sources */,
			);
			runOnlyForDeploymentPostprocessing = 0;
		};
/* End PBXSourcesBuildPhase section */

/* Begin PBXTargetDependency section */
		4192C244255D71FB008E8BE1 /* PBXTargetDependency */ = {
			isa = PBXTargetDependency;
			target = 4192C22B255D71F9008E8BE1 /* Example */;
			targetProxy = 4192C243255D71FB008E8BE1 /* PBXContainerItemProxy */;
		};
		4192C24F255D71FC008E8BE1 /* PBXTargetDependency */ = {
			isa = PBXTargetDependency;
			target = 4192C22B255D71F9008E8BE1 /* Example */;
			targetProxy = 4192C24E255D71FC008E8BE1 /* PBXContainerItemProxy */;
		};
/* End PBXTargetDependency section */

/* Begin PBXVariantGroup section */
		4192C235255D71F9008E8BE1 /* Main.storyboard */ = {
			isa = PBXVariantGroup;
			children = (
				4192C236255D71F9008E8BE1 /* Base */,
			);
			name = Main.storyboard;
			sourceTree = "<group>";
		};
		4192C23A255D71FB008E8BE1 /* LaunchScreen.storyboard */ = {
			isa = PBXVariantGroup;
			children = (
				4192C23B255D71FB008E8BE1 /* Base */,
			);
			name = LaunchScreen.storyboard;
			sourceTree = "<group>";
		};
/* End PBXVariantGroup section */

/* Begin XCBuildConfiguration section */
		4192C254255D71FC008E8BE1 /* Debug */ = {
			isa = XCBuildConfiguration;
			buildSettings = {
				ALWAYS_SEARCH_USER_PATHS = NO;
				CLANG_ANALYZER_NONNULL = YES;
				CLANG_ANALYZER_NUMBER_OBJECT_CONVERSION = YES_AGGRESSIVE;
				CLANG_CXX_LANGUAGE_STANDARD = "gnu++14";
				CLANG_CXX_LIBRARY = "libc++";
				CLANG_ENABLE_MODULES = YES;
				CLANG_ENABLE_OBJC_ARC = YES;
				CLANG_ENABLE_OBJC_WEAK = YES;
				CLANG_WARN_BLOCK_CAPTURE_AUTORELEASING = YES;
				CLANG_WARN_BOOL_CONVERSION = YES;
				CLANG_WARN_COMMA = YES;
				CLANG_WARN_CONSTANT_CONVERSION = YES;
				CLANG_WARN_DEPRECATED_OBJC_IMPLEMENTATIONS = YES;
				CLANG_WARN_DIRECT_OBJC_ISA_USAGE = YES_ERROR;
				CLANG_WARN_DOCUMENTATION_COMMENTS = YES;
				CLANG_WARN_EMPTY_BODY = YES;
				CLANG_WARN_ENUM_CONVERSION = YES;
				CLANG_WARN_INFINITE_RECURSION = YES;
				CLANG_WARN_INT_CONVERSION = YES;
				CLANG_WARN_NON_LITERAL_NULL_CONVERSION = YES;
				CLANG_WARN_OBJC_IMPLICIT_RETAIN_SELF = YES;
				CLANG_WARN_OBJC_LITERAL_CONVERSION = YES;
				CLANG_WARN_OBJC_ROOT_CLASS = YES_ERROR;
				CLANG_WARN_QUOTED_INCLUDE_IN_FRAMEWORK_HEADER = YES;
				CLANG_WARN_RANGE_LOOP_ANALYSIS = YES;
				CLANG_WARN_STRICT_PROTOTYPES = YES;
				CLANG_WARN_SUSPICIOUS_MOVE = YES;
				CLANG_WARN_UNGUARDED_AVAILABILITY = YES_AGGRESSIVE;
				CLANG_WARN_UNREACHABLE_CODE = YES;
				CLANG_WARN__DUPLICATE_METHOD_MATCH = YES;
				COPY_PHASE_STRIP = NO;
				DEBUG_INFORMATION_FORMAT = dwarf;
				ENABLE_STRICT_OBJC_MSGSEND = YES;
				ENABLE_TESTABILITY = YES;
				GCC_C_LANGUAGE_STANDARD = gnu11;
				GCC_DYNAMIC_NO_PIC = NO;
				GCC_NO_COMMON_BLOCKS = YES;
				GCC_OPTIMIZATION_LEVEL = 0;
				GCC_PREPROCESSOR_DEFINITIONS = (
					"DEBUG=1",
					"$(inherited)",
				);
				GCC_WARN_64_TO_32_BIT_CONVERSION = YES;
				GCC_WARN_ABOUT_RETURN_TYPE = YES_ERROR;
				GCC_WARN_UNDECLARED_SELECTOR = YES;
				GCC_WARN_UNINITIALIZED_AUTOS = YES_AGGRESSIVE;
				GCC_WARN_UNUSED_FUNCTION = YES;
				GCC_WARN_UNUSED_VARIABLE = YES;
				IPHONEOS_DEPLOYMENT_TARGET = 14.0;
				MTL_ENABLE_DEBUG_INFO = INCLUDE_SOURCE;
				MTL_FAST_MATH = YES;
				ONLY_ACTIVE_ARCH = YES;
				SDKROOT = iphoneos;
				SWIFT_ACTIVE_COMPILATION_CONDITIONS = DEBUG;
				SWIFT_OPTIMIZATION_LEVEL = "-Onone";
			};
			name = Debug;
		};
		4192C255255D71FC008E8BE1 /* Release */ = {
			isa = XCBuildConfiguration;
			buildSettings = {
				ALWAYS_SEARCH_USER_PATHS = NO;
				CLANG_ANALYZER_NONNULL = YES;
				CLANG_ANALYZER_NUMBER_OBJECT_CONVERSION = YES_AGGRESSIVE;
				CLANG_CXX_LANGUAGE_STANDARD = "gnu++14";
				CLANG_CXX_LIBRARY = "libc++";
				CLANG_ENABLE_MODULES = YES;
				CLANG_ENABLE_OBJC_ARC = YES;
				CLANG_ENABLE_OBJC_WEAK = YES;
				CLANG_WARN_BLOCK_CAPTURE_AUTORELEASING = YES;
				CLANG_WARN_BOOL_CONVERSION = YES;
				CLANG_WARN_COMMA = YES;
				CLANG_WARN_CONSTANT_CONVERSION = YES;
				CLANG_WARN_DEPRECATED_OBJC_IMPLEMENTATIONS = YES;
				CLANG_WARN_DIRECT_OBJC_ISA_USAGE = YES_ERROR;
				CLANG_WARN_DOCUMENTATION_COMMENTS = YES;
				CLANG_WARN_EMPTY_BODY = YES;
				CLANG_WARN_ENUM_CONVERSION = YES;
				CLANG_WARN_INFINITE_RECURSION = YES;
				CLANG_WARN_INT_CONVERSION = YES;
				CLANG_WARN_NON_LITERAL_NULL_CONVERSION = YES;
				CLANG_WARN_OBJC_IMPLICIT_RETAIN_SELF = YES;
				CLANG_WARN_OBJC_LITERAL_CONVERSION = YES;
				CLANG_WARN_OBJC_ROOT_CLASS = YES_ERROR;
				CLANG_WARN_QUOTED_INCLUDE_IN_FRAMEWORK_HEADER = YES;
				CLANG_WARN_RANGE_LOOP_ANALYSIS = YES;
				CLANG_WARN_STRICT_PROTOTYPES = YES;
				CLANG_WARN_SUSPICIOUS_MOVE = YES;
				CLANG_WARN_UNGUARDED_AVAILABILITY = YES_AGGRESSIVE;
				CLANG_WARN_UNREACHABLE_CODE = YES;
				CLANG_WARN__DUPLICATE_METHOD_MATCH = YES;
				COPY_PHASE_STRIP = NO;
				DEBUG_INFORMATION_FORMAT = "dwarf-with-dsym";
				ENABLE_NS_ASSERTIONS = NO;
				ENABLE_STRICT_OBJC_MSGSEND = YES;
				GCC_C_LANGUAGE_STANDARD = gnu11;
				GCC_NO_COMMON_BLOCKS = YES;
				GCC_WARN_64_TO_32_BIT_CONVERSION = YES;
				GCC_WARN_ABOUT_RETURN_TYPE = YES_ERROR;
				GCC_WARN_UNDECLARED_SELECTOR = YES;
				GCC_WARN_UNINITIALIZED_AUTOS = YES_AGGRESSIVE;
				GCC_WARN_UNUSED_FUNCTION = YES;
				GCC_WARN_UNUSED_VARIABLE = YES;
				IPHONEOS_DEPLOYMENT_TARGET = 14.0;
				MTL_ENABLE_DEBUG_INFO = NO;
				MTL_FAST_MATH = YES;
				SDKROOT = iphoneos;
				SWIFT_COMPILATION_MODE = wholemodule;
				SWIFT_OPTIMIZATION_LEVEL = "-O";
				VALIDATE_PRODUCT = YES;
			};
			name = Release;
		};
		4192C257255D71FC008E8BE1 /* Debug */ = {
			isa = XCBuildConfiguration;
			buildSettings = {
				ASSETCATALOG_COMPILER_APPICON_NAME = AppIcon;
				ASSETCATALOG_COMPILER_GLOBAL_ACCENT_COLOR_NAME = AccentColor;
				CODE_SIGN_STYLE = Automatic;
				INFOPLIST_FILE = Example/Info.plist;
				LD_RUNPATH_SEARCH_PATHS = (
					"$(inherited)",
					"@executable_path/Frameworks",
				);
				PRODUCT_BUNDLE_IDENTIFIER = com.artery.Example;
				PRODUCT_NAME = "$(TARGET_NAME)";
				SWIFT_VERSION = 5.0;
				TARGETED_DEVICE_FAMILY = "1,2";
			};
			name = Debug;
		};
		4192C258255D71FC008E8BE1 /* Release */ = {
			isa = XCBuildConfiguration;
			buildSettings = {
				ASSETCATALOG_COMPILER_APPICON_NAME = AppIcon;
				ASSETCATALOG_COMPILER_GLOBAL_ACCENT_COLOR_NAME = AccentColor;
				CODE_SIGN_STYLE = Automatic;
				INFOPLIST_FILE = Example/Info.plist;
				LD_RUNPATH_SEARCH_PATHS = (
					"$(inherited)",
					"@executable_path/Frameworks",
				);
				PRODUCT_BUNDLE_IDENTIFIER = com.artery.Example;
				PRODUCT_NAME = "$(TARGET_NAME)";
				SWIFT_VERSION = 5.0;
				TARGETED_DEVICE_FAMILY = "1,2";
			};
			name = Release;
		};
		4192C25A255D71FC008E8BE1 /* Debug */ = {
			isa = XCBuildConfiguration;
			buildSettings = {
				ALWAYS_EMBED_SWIFT_STANDARD_LIBRARIES = YES;
				BUNDLE_LOADER = "$(TEST_HOST)";
				CODE_SIGN_STYLE = Automatic;
				INFOPLIST_FILE = ExampleTests/Info.plist;
				IPHONEOS_DEPLOYMENT_TARGET = 14.0;
				LD_RUNPATH_SEARCH_PATHS = (
					"$(inherited)",
					"@executable_path/Frameworks",
					"@loader_path/Frameworks",
				);
				PRODUCT_BUNDLE_IDENTIFIER = com.artery.ExampleTests;
				PRODUCT_NAME = "$(TARGET_NAME)";
				SWIFT_VERSION = 5.0;
				TARGETED_DEVICE_FAMILY = "1,2";
				TEST_HOST = "$(BUILT_PRODUCTS_DIR)/Example.app/Example";
			};
			name = Debug;
		};
		4192C25B255D71FC008E8BE1 /* Release */ = {
			isa = XCBuildConfiguration;
			buildSettings = {
				ALWAYS_EMBED_SWIFT_STANDARD_LIBRARIES = YES;
				BUNDLE_LOADER = "$(TEST_HOST)";
				CODE_SIGN_STYLE = Automatic;
				INFOPLIST_FILE = ExampleTests/Info.plist;
				IPHONEOS_DEPLOYMENT_TARGET = 14.0;
				LD_RUNPATH_SEARCH_PATHS = (
					"$(inherited)",
					"@executable_path/Frameworks",
					"@loader_path/Frameworks",
				);
				PRODUCT_BUNDLE_IDENTIFIER = com.artery.ExampleTests;
				PRODUCT_NAME = "$(TARGET_NAME)";
				SWIFT_VERSION = 5.0;
				TARGETED_DEVICE_FAMILY = "1,2";
				TEST_HOST = "$(BUILT_PRODUCTS_DIR)/Example.app/Example";
			};
			name = Release;
		};
		4192C25D255D71FC008E8BE1 /* Debug */ = {
			isa = XCBuildConfiguration;
			buildSettings = {
				ALWAYS_EMBED_SWIFT_STANDARD_LIBRARIES = YES;
				CODE_SIGN_STYLE = Automatic;
				INFOPLIST_FILE = ExampleUITests/Info.plist;
				LD_RUNPATH_SEARCH_PATHS = (
					"$(inherited)",
					"@executable_path/Frameworks",
					"@loader_path/Frameworks",
				);
				PRODUCT_BUNDLE_IDENTIFIER = com.artery.ExampleUITests;
				PRODUCT_NAME = "$(TARGET_NAME)";
				SWIFT_VERSION = 5.0;
				TARGETED_DEVICE_FAMILY = "1,2";
				TEST_TARGET_NAME = Example;
			};
			name = Debug;
		};
		4192C25E255D71FC008E8BE1 /* Release */ = {
			isa = XCBuildConfiguration;
			buildSettings = {
				ALWAYS_EMBED_SWIFT_STANDARD_LIBRARIES = YES;
				CODE_SIGN_STYLE = Automatic;
				INFOPLIST_FILE = ExampleUITests/Info.plist;
				LD_RUNPATH_SEARCH_PATHS = (
					"$(inherited)",
					"@executable_path/Frameworks",
					"@loader_path/Frameworks",
				);
				PRODUCT_BUNDLE_IDENTIFIER = com.artery.ExampleUITests;
				PRODUCT_NAME = "$(TARGET_NAME)";
				SWIFT_VERSION = 5.0;
				TARGETED_DEVICE_FAMILY = "1,2";
				TEST_TARGET_NAME = Example;
			};
			name = Release;
		};
/* End XCBuildConfiguration section */

/* Begin XCConfigurationList section */
		4192C227255D71F9008E8BE1 /* Build configuration list for PBXProject "Example" */ = {
			isa = XCConfigurationList;
			buildConfigurations = (
				4192C254255D71FC008E8BE1 /* Debug */,
				4192C255255D71FC008E8BE1 /* Release */,
			);
			defaultConfigurationIsVisible = 0;
			defaultConfigurationName = Release;
		};
		4192C256255D71FC008E8BE1 /* Build configuration list for PBXNativeTarget "Example" */ = {
			isa = XCConfigurationList;
			buildConfigurations = (
				4192C257255D71FC008E8BE1 /* Debug */,
				4192C258255D71FC008E8BE1 /* Release */,
			);
			defaultConfigurationIsVisible = 0;
			defaultConfigurationName = Release;
		};
		4192C259255D71FC008E8BE1 /* Build configuration list for PBXNativeTarget "ExampleTests" */ = {
			isa = XCConfigurationList;
			buildConfigurations = (
				4192C25A255D71FC008E8BE1 /* Debug */,
				4192C25B255D71FC008E8BE1 /* Release */,
			);
			defaultConfigurationIsVisible = 0;
			defaultConfigurationName = Release;
		};
		4192C25C255D71FC008E8BE1 /* Build configuration list for PBXNativeTarget "ExampleUITests" */ = {
			isa = XCConfigurationList;
			buildConfigurations = (
				4192C25D255D71FC008E8BE1 /* Debug */,
				4192C25E255D71FC008E8BE1 /* Release */,
			);
			defaultConfigurationIsVisible = 0;
			defaultConfigurationName = Release;
		};
/* End XCConfigurationList section */

/* Begin XCRemoteSwiftPackageReference section */
		411747FA255ECE5A004D4394 /* XCRemoteSwiftPackageReference "SQLite" */ = {
			isa = XCRemoteSwiftPackageReference;
			repositoryURL = "https://github.com/stephencelis/SQLite.swift";
			requirement = {
				kind = upToNextMajorVersion;
				minimumVersion = 0.12.2;
			};
		};
/* End XCRemoteSwiftPackageReference section */

/* Begin XCSwiftPackageProductDependency section */
		411747FB255ECE5A004D4394 /* SQLite */ = {
			isa = XCSwiftPackageProductDependency;
			package = 411747FA255ECE5A004D4394 /* XCRemoteSwiftPackageReference "SQLite" */;
			productName = SQLite;
		};
/* End XCSwiftPackageProductDependency section */
	};
	rootObject = 4192C224255D71F9008E8BE1 /* Project object */;
}
